
Microsoft Visual Studio Solution File, Format Version 12.00
Project("{FAE04EC0-301F-11D3-BF4B-00C04F79EFBC}") = "ConsoleApp59", "ConsoleApp59\ConsoleApp59.csproj", "{B2B21952-1B7A-48AC-BE47-7E36E3FDD257}"
EndProject
Global
	GlobalSection(SolutionConfigurationPlatforms) = preSolution
		Debug|Any CPU = Debug|Any CPU
		Release|Any CPU = Release|Any CPU
	EndGlobalSection
	GlobalSection(ProjectConfigurationPlatforms) = postSolution
		{B2B21952-1B7A-48AC-BE47-7E36E3FDD257}.Debug|Any CPU.ActiveCfg = Debug|Any CPU
		{B2B21952-1B7A-48AC-BE47-7E36E3FDD257}.Debug|Any CPU.Build.0 = Debug|Any CPU
		{B2B21952-1B7A-48AC-BE47-7E36E3FDD257}.Release|Any CPU.ActiveCfg = Release|Any CPU
		{B2B21952-1B7A-48AC-BE47-7E36E3FDD257}.Release|Any CPU.Build.0 = Release|Any CPU
	EndGlobalSection
EndGlobal
